// !$*UTF8*$!
{
	archiveVersion = 1;
	classes = {
	};
	objectVersion = 56;
	objects = {

/* Begin PBXBuildFile section */
		28A8DA602B790D8000B45709 /* data.json in Resources */ = {isa = PBXBuildFile; fileRef = 28A8DA5F2B790D8000B45709 /* data.json */; };
		28AA3BA92B77F6C600B2B604 /* LyCardApp.swift in Sources */ = {isa = PBXBuildFile; fileRef = 28AA3BA82B77F6C600B2B604 /* LyCardApp.swift */; };
		28AA3BAB2B77F6C600B2B604 /* ContentView.swift in Sources */ = {isa = PBXBuildFile; fileRef = 28AA3BAA2B77F6C600B2B604 /* ContentView.swift */; };
		28AA3BAD2B77F6C800B2B604 /* Assets.xcassets in Resources */ = {isa = PBXBuildFile; fileRef = 28AA3BAC2B77F6C800B2B604 /* Assets.xcassets */; };
		28AA3BB02B77F6C800B2B604 /* Preview Assets.xcassets in Resources */ = {isa = PBXBuildFile; fileRef = 28AA3BAF2B77F6C800B2B604 /* Preview Assets.xcassets */; };
		28AA3BB92B77FE5700B2B604 /* HoverBar.swift in Sources */ = {isa = PBXBuildFile; fileRef = 28AA3BB82B77FE5700B2B604 /* HoverBar.swift */; };
		28AA3BBB2B78167F00B2B604 /* LocationDataManager.swift in Sources */ = {isa = PBXBuildFile; fileRef = 28AA3BBA2B78167F00B2B604 /* LocationDataManager.swift */; };
		28AA3BBE2B7853C900B2B604 /* DocumentScannerView.swift in Sources */ = {isa = PBXBuildFile; fileRef = 28AA3BBD2B7853C900B2B604 /* DocumentScannerView.swift */; };
		28AA3BC02B786A9800B2B604 /* FrameView.swift in Sources */ = {isa = PBXBuildFile; fileRef = 28AA3BBF2B786A9800B2B604 /* FrameView.swift */; };
		28AA3BC22B786AED00B2B604 /* CameraManager.swift in Sources */ = {isa = PBXBuildFile; fileRef = 28AA3BC12B786AED00B2B604 /* CameraManager.swift */; };
		28AA3BC82B78849B00B2B604 /* Save for late.swift in Sources */ = {isa = PBXBuildFile; fileRef = 28AA3BC72B78849B00B2B604 /* Save for late.swift */; };
/* End PBXBuildFile section */

/* Begin PBXFileReference section */
		28A8DA5F2B790D8000B45709 /* data.json */ = {isa = PBXFileReference; fileEncoding = 4; lastKnownFileType = text.json; path = data.json; sourceTree = SOURCE_ROOT; };
		28AA3BA52B77F6C600B2B604 /* LyCard.app */ = {isa = PBXFileReference; explicitFileType = wrapper.application; includeInIndex = 0; path = LyCard.app; sourceTree = BUILT_PRODUCTS_DIR; };
		28AA3BA82B77F6C600B2B604 /* LyCardApp.swift */ = {isa = PBXFileReference; lastKnownFileType = sourcecode.swift; path = LyCardApp.swift; sourceTree = "<group>"; };
		28AA3BAA2B77F6C600B2B604 /* ContentView.swift */ = {isa = PBXFileReference; lastKnownFileType = sourcecode.swift; path = ContentView.swift; sourceTree = "<group>"; };
		28AA3BAC2B77F6C800B2B604 /* Assets.xcassets */ = {isa = PBXFileReference; lastKnownFileType = folder.assetcatalog; path = Assets.xcassets; sourceTree = "<group>"; };
		28AA3BAF2B77F6C800B2B604 /* Preview Assets.xcassets */ = {isa = PBXFileReference; lastKnownFileType = folder.assetcatalog; path = "Preview Assets.xcassets"; sourceTree = "<group>"; };
		28AA3BB82B77FE5700B2B604 /* HoverBar.swift */ = {isa = PBXFileReference; lastKnownFileType = sourcecode.swift; path = HoverBar.swift; sourceTree = "<group>"; };
		28AA3BBA2B78167F00B2B604 /* LocationDataManager.swift */ = {isa = PBXFileReference; lastKnownFileType = sourcecode.swift; path = LocationDataManager.swift; sourceTree = "<group>"; };
		28AA3BBC2B78508900B2B604 /* Info.plist */ = {isa = PBXFileReference; lastKnownFileType = text.plist; path = Info.plist; sourceTree = "<group>"; };
		28AA3BBD2B7853C900B2B604 /* DocumentScannerView.swift */ = {isa = PBXFileReference; lastKnownFileType = sourcecode.swift; path = DocumentScannerView.swift; sourceTree = "<group>"; };
		28AA3BBF2B786A9800B2B604 /* FrameView.swift */ = {isa = PBXFileReference; lastKnownFileType = sourcecode.swift; path = FrameView.swift; sourceTree = "<group>"; };
		28AA3BC12B786AED00B2B604 /* CameraManager.swift */ = {isa = PBXFileReference; lastKnownFileType = sourcecode.swift; path = CameraManager.swift; sourceTree = "<group>"; };
		28AA3BC72B78849B00B2B604 /* Save for late.swift */ = {isa = PBXFileReference; lastKnownFileType = sourcecode.swift; path = "Save for late.swift"; sourceTree = "<group>"; };
/* End PBXFileReference section */

/* Begin PBXFrameworksBuildPhase section */
		28AA3BA22B77F6C600B2B604 /* Frameworks */ = {
			isa = PBXFrameworksBuildPhase;
			buildActionMask = 2147483647;
			files = (
			);
			runOnlyForDeploymentPostprocessing = 0;
		};
/* End PBXFrameworksBuildPhase section */

/* Begin PBXGroup section */
		28AA3B9C2B77F6C600B2B604 = {
			isa = PBXGroup;
			children = (
				28AA3BC72B78849B00B2B604 /* Save for late.swift */,
				28AA3BC12B786AED00B2B604 /* CameraManager.swift */,
				28AA3BBF2B786A9800B2B604 /* FrameView.swift */,
				28AA3BBD2B7853C900B2B604 /* DocumentScannerView.swift */,
				28AA3BBA2B78167F00B2B604 /* LocationDataManager.swift */,
				28AA3BB82B77FE5700B2B604 /* HoverBar.swift */,
				28AA3BA72B77F6C600B2B604 /* LyCard */,
				28AA3BA62B77F6C600B2B604 /* Products */,
			);
			sourceTree = "<group>";
		};
		28AA3BA62B77F6C600B2B604 /* Products */ = {
			isa = PBXGroup;
			children = (
				28AA3BA52B77F6C600B2B604 /* LyCard.app */,
			);
			name = Products;
			sourceTree = "<group>";
		};
		28AA3BA72B77F6C600B2B604 /* LyCard */ = {
			isa = PBXGroup;
			children = (
				28AA3BBC2B78508900B2B604 /* Info.plist */,
				28AA3BA82B77F6C600B2B604 /* LyCardApp.swift */,
				28A8DA5F2B790D8000B45709 /* data.json */,
				28AA3BAA2B77F6C600B2B604 /* ContentView.swift */,
				28AA3BAC2B77F6C800B2B604 /* Assets.xcassets */,
				28AA3BAE2B77F6C800B2B604 /* Preview Content */,
			);
			path = LyCard;
			sourceTree = "<group>";
		};
		28AA3BAE2B77F6C800B2B604 /* Preview Content */ = {
			isa = PBXGroup;
			children = (
				28AA3BAF2B77F6C800B2B604 /* Preview Assets.xcassets */,
			);
			path = "Preview Content";
			sourceTree = "<group>";
		};
/* End PBXGroup section */

/* Begin PBXNativeTarget section */
		28AA3BA42B77F6C600B2B604 /* LyCard */ = {
			isa = PBXNativeTarget;
			buildConfigurationList = 28AA3BB32B77F6C800B2B604 /* Build configuration list for PBXNativeTarget "LyCard" */;
			buildPhases = (
				28AA3BA12B77F6C600B2B604 /* Sources */,
				28AA3BA22B77F6C600B2B604 /* Frameworks */,
				28AA3BA32B77F6C600B2B604 /* Resources */,
			);
			buildRules = (
			);
			dependencies = (
			);
			name = LyCard;
			productName = LyCard;
			productReference = 28AA3BA52B77F6C600B2B604 /* LyCard.app */;
			productType = "com.apple.product-type.application";
		};
/* End PBXNativeTarget section */

/* Begin PBXProject section */
		28AA3B9D2B77F6C600B2B604 /* Project object */ = {
			isa = PBXProject;
			attributes = {
				BuildIndependentTargetsInParallel = 1;
				LastSwiftUpdateCheck = 1520;
				LastUpgradeCheck = 1520;
				TargetAttributes = {
					28AA3BA42B77F6C600B2B604 = {
						CreatedOnToolsVersion = 15.2;
					};
				};
			};
			buildConfigurationList = 28AA3BA02B77F6C600B2B604 /* Build configuration list for PBXProject "LyCard" */;
			compatibilityVersion = "Xcode 14.0";
			developmentRegion = en;
			hasScannedForEncodings = 0;
			knownRegions = (
				en,
				Base,
			);
			mainGroup = 28AA3B9C2B77F6C600B2B604;
			productRefGroup = 28AA3BA62B77F6C600B2B604 /* Products */;
			projectDirPath = "";
			projectRoot = "";
			targets = (
				28AA3BA42B77F6C600B2B604 /* LyCard */,
			);
		};
/* End PBXProject section */

/* Begin PBXResourcesBuildPhase section */
		28AA3BA32B77F6C600B2B604 /* Resources */ = {
			isa = PBXResourcesBuildPhase;
			buildActionMask = 2147483647;
			files = (
				28AA3BB02B77F6C800B2B604 /* Preview Assets.xcassets in Resources */,
				28A8DA602B790D8000B45709 /* data.json in Resources */,
				28AA3BAD2B77F6C800B2B604 /* Assets.xcassets in Resources */,
			);
			runOnlyForDeploymentPostprocessing = 0;
		};
/* End PBXResourcesBuildPhase section */

/* Begin PBXSourcesBuildPhase section */
		28AA3BA12B77F6C600B2B604 /* Sources */ = {
			isa = PBXSourcesBuildPhase;
			buildActionMask = 2147483647;
			files = (
				28AA3BC02B786A9800B2B604 /* FrameView.swift in Sources */,
				28AA3BC22B786AED00B2B604 /* CameraManager.swift in Sources */,
				28AA3BC82B78849B00B2B604 /* Save for late.swift in Sources */,
				28AA3BAB2B77F6C600B2B604 /* ContentView.swift in Sources */,
				28AA3BB92B77FE5700B2B604 /* HoverBar.swift in Sources */,
				28AA3BBB2B78167F00B2B604 /* LocationDataManager.swift in Sources */,
				28AA3BBE2B7853C900B2B604 /* DocumentScannerView.swift in Sources */,
				28AA3BA92B77F6C600B2B604 /* LyCardApp.swift in Sources */,
			);
			runOnlyForDeploymentPostprocessing = 0;
		};
/* End PBXSourcesBuildPhase section */

/* Begin XCBuildConfiguration section */
		28AA3BB12B77F6C800B2B604 /* Debug */ = {
			isa = XCBuildConfiguration;
			buildSettings = {
				ALWAYS_SEARCH_USER_PATHS = NO;
				ASSETCATALOG_COMPILER_GENERATE_SWIFT_ASSET_SYMBOL_EXTENSIONS = YES;
				CLANG_ANALYZER_NONNULL = YES;
				CLANG_ANALYZER_NUMBER_OBJECT_CONVERSION = YES_AGGRESSIVE;
				CLANG_CXX_LANGUAGE_STANDARD = "gnu++20";
				CLANG_ENABLE_MODULES = YES;
				CLANG_ENABLE_OBJC_ARC = YES;
				CLANG_ENABLE_OBJC_WEAK = YES;
				CLANG_WARN_BLOCK_CAPTURE_AUTORELEASING = YES;
				CLANG_WARN_BOOL_CONVERSION = YES;
				CLANG_WARN_COMMA = YES;
				CLANG_WARN_CONSTANT_CONVERSION = YES;
				CLANG_WARN_DEPRECATED_OBJC_IMPLEMENTATIONS = YES;
				CLANG_WARN_DIRECT_OBJC_ISA_USAGE = YES_ERROR;
				CLANG_WARN_DOCUMENTATION_COMMENTS = YES;
				CLANG_WARN_EMPTY_BODY = YES;
				CLANG_WARN_ENUM_CONVERSION = YES;
				CLANG_WARN_INFINITE_RECURSION = YES;
				CLANG_WARN_INT_CONVERSION = YES;
				CLANG_WARN_NON_LITERAL_NULL_CONVERSION = YES;
				CLANG_WARN_OBJC_IMPLICIT_RETAIN_SELF = YES;
				CLANG_WARN_OBJC_LITERAL_CONVERSION = YES;
				CLANG_WARN_OBJC_ROOT_CLASS = YES_ERROR;
				CLANG_WARN_QUOTED_INCLUDE_IN_FRAMEWORK_HEADER = YES;
				CLANG_WARN_RANGE_LOOP_ANALYSIS = YES;
				CLANG_WARN_STRICT_PROTOTYPES = YES;
				CLANG_WARN_SUSPICIOUS_MOVE = YES;
				CLANG_WARN_UNGUARDED_AVAILABILITY = YES_AGGRESSIVE;
				CLANG_WARN_UNREACHABLE_CODE = YES;
				CLANG_WARN__DUPLICATE_METHOD_MATCH = YES;
				COPY_PHASE_STRIP = NO;
				DEBUG_INFORMATION_FORMAT = dwarf;
				ENABLE_STRICT_OBJC_MSGSEND = YES;
				ENABLE_TESTABILITY = YES;
				ENABLE_USER_SCRIPT_SANDBOXING = YES;
				GCC_C_LANGUAGE_STANDARD = gnu17;
				GCC_DYNAMIC_NO_PIC = NO;
				GCC_NO_COMMON_BLOCKS = YES;
				GCC_OPTIMIZATION_LEVEL = 0;
				GCC_PREPROCESSOR_DEFINITIONS = (
					"DEBUG=1",
					"$(inherited)",
				);
				GCC_WARN_64_TO_32_BIT_CONVERSION = YES;
				GCC_WARN_ABOUT_RETURN_TYPE = YES_ERROR;
				GCC_WARN_UNDECLARED_SELECTOR = YES;
				GCC_WARN_UNINITIALIZED_AUTOS = YES_AGGRESSIVE;
				GCC_WARN_UNUSED_FUNCTION = YES;
				GCC_WARN_UNUSED_VARIABLE = YES;
				IPHONEOS_DEPLOYMENT_TARGET = 17.2;
				LOCALIZATION_PREFERS_STRING_CATALOGS = YES;
				MTL_ENABLE_DEBUG_INFO = INCLUDE_SOURCE;
				MTL_FAST_MATH = YES;
				ONLY_ACTIVE_ARCH = YES;
				SDKROOT = iphoneos;
				SWIFT_ACTIVE_COMPILATION_CONDITIONS = "DEBUG $(inherited)";
				SWIFT_OPTIMIZATION_LEVEL = "-Onone";
			};
			name = Debug;
		};
		28AA3BB22B77F6C800B2B604 /* Release */ = {
			isa = XCBuildConfiguration;
			buildSettings = {
				ALWAYS_SEARCH_USER_PATHS = NO;
				ASSETCATALOG_COMPILER_GENERATE_SWIFT_ASSET_SYMBOL_EXTENSIONS = YES;
				CLANG_ANALYZER_NONNULL = YES;
				CLANG_ANALYZER_NUMBER_OBJECT_CONVERSION = YES_AGGRESSIVE;
				CLANG_CXX_LANGUAGE_STANDARD = "gnu++20";
				CLANG_ENABLE_MODULES = YES;
				CLANG_ENABLE_OBJC_ARC = YES;
				CLANG_ENABLE_OBJC_WEAK = YES;
				CLANG_WARN_BLOCK_CAPTURE_AUTORELEASING = YES;
				CLANG_WARN_BOOL_CONVERSION = YES;
				CLANG_WARN_COMMA = YES;
				CLANG_WARN_CONSTANT_CONVERSION = YES;
				CLANG_WARN_DEPRECATED_OBJC_IMPLEMENTATIONS = YES;
				CLANG_WARN_DIRECT_OBJC_ISA_USAGE = YES_ERROR;
				CLANG_WARN_DOCUMENTATION_COMMENTS = YES;
				CLANG_WARN_EMPTY_BODY = YES;
				CLANG_WARN_ENUM_CONVERSION = YES;
				CLANG_WARN_INFINITE_RECURSION = YES;
				CLANG_WARN_INT_CONVERSION = YES;
				CLANG_WARN_NON_LITERAL_NULL_CONVERSION = YES;
				CLANG_WARN_OBJC_IMPLICIT_RETAIN_SELF = YES;
				CLANG_WARN_OBJC_LITERAL_CONVERSION = YES;
				CLANG_WARN_OBJC_ROOT_CLASS = YES_ERROR;
				CLANG_WARN_QUOTED_INCLUDE_IN_FRAMEWORK_HEADER = YES;
				CLANG_WARN_RANGE_LOOP_ANALYSIS = YES;
				CLANG_WARN_STRICT_PROTOTYPES = YES;
				CLANG_WARN_SUSPICIOUS_MOVE = YES;
				CLANG_WARN_UNGUARDED_AVAILABILITY = YES_AGGRESSIVE;
				CLANG_WARN_UNREACHABLE_CODE = YES;
				CLANG_WARN__DUPLICATE_METHOD_MATCH = YES;
				COPY_PHASE_STRIP = NO;
				DEBUG_INFORMATION_FORMAT = "dwarf-with-dsym";
				ENABLE_NS_ASSERTIONS = NO;
				ENABLE_STRICT_OBJC_MSGSEND = YES;
				ENABLE_USER_SCRIPT_SANDBOXING = YES;
				GCC_C_LANGUAGE_STANDARD = gnu17;
				GCC_NO_COMMON_BLOCKS = YES;
				GCC_WARN_64_TO_32_BIT_CONVERSION = YES;
				GCC_WARN_ABOUT_RETURN_TYPE = YES_ERROR;
				GCC_WARN_UNDECLARED_SELECTOR = YES;
				GCC_WARN_UNINITIALIZED_AUTOS = YES_AGGRESSIVE;
				GCC_WARN_UNUSED_FUNCTION = YES;
				GCC_WARN_UNUSED_VARIABLE = YES;
				IPHONEOS_DEPLOYMENT_TARGET = 17.2;
				LOCALIZATION_PREFERS_STRING_CATALOGS = YES;
				MTL_ENABLE_DEBUG_INFO = NO;
				MTL_FAST_MATH = YES;
				SDKROOT = iphoneos;
				SWIFT_COMPILATION_MODE = wholemodule;
				VALIDATE_PRODUCT = YES;
			};
			name = Release;
		};
		28AA3BB42B77F6C800B2B604 /* Debug */ = {
			isa = XCBuildConfiguration;
			buildSettings = {
				ASSETCATALOG_COMPILER_APPICON_NAME = AppIcon;
				ASSETCATALOG_COMPILER_GLOBAL_ACCENT_COLOR_NAME = AccentColor;
				CODE_SIGN_STYLE = Automatic;
				CURRENT_PROJECT_VERSION = 1;
				DEVELOPMENT_ASSET_PATHS = "\"LyCard/Preview Content\"";
				DEVELOPMENT_TEAM = PKN8DBN56P;
				ENABLE_PREVIEWS = YES;
				GENERATE_INFOPLIST_FILE = YES;
				INFOPLIST_FILE = LyCard/Info.plist;
				INFOPLIST_KEY_NSCameraUsageDescription = "We need your camera to scan your enviroment";
				INFOPLIST_KEY_NSLocationAlwaysUsageDescription = "We need your location to for the map";
				INFOPLIST_KEY_NSLocationWhenInUseUsageDescription = "We need your location to for the map";
				INFOPLIST_KEY_UIApplicationSceneManifest_Generation = YES;
				INFOPLIST_KEY_UIApplicationSupportsIndirectInputEvents = YES;
				INFOPLIST_KEY_UILaunchScreen_Generation = YES;
				INFOPLIST_KEY_UISupportedInterfaceOrientations = UIInterfaceOrientationPortrait;
				LD_RUNPATH_SEARCH_PATHS = (
					"$(inherited)",
					"@executable_path/Frameworks",
				);
				MARKETING_VERSION = 0.1.0;
				PRODUCT_BUNDLE_IDENTIFIER = com.hussainalkatheri.LyCard;
				PRODUCT_NAME = "$(TARGET_NAME)";
				SUPPORTED_PLATFORMS = "iphoneos iphonesimulator";
				SUPPORTS_MACCATALYST = NO;
				SUPPORTS_XR_DESIGNED_FOR_IPHONE_IPAD = NO;
				SWIFT_EMIT_LOC_STRINGS = YES;
				SWIFT_VERSION = 5.0;
				TARGETED_DEVICE_FAMILY = "1,2";
			};
			name = Debug;
		};
		28AA3BB52B77F6C800B2B604 /* Release */ = {
			isa = XCBuildConfiguration;
			buildSettings = {
				ASSETCATALOG_COMPILER_APPICON_NAME = AppIcon;
				ASSETCATALOG_COMPILER_GLOBAL_ACCENT_COLOR_NAME = AccentColor;
				CODE_SIGN_STYLE = Automatic;
				CURRENT_PROJECT_VERSION = 1;
				DEVELOPMENT_ASSET_PATHS = "\"LyCard/Preview Content\"";
				DEVELOPMENT_TEAM = PKN8DBN56P;
				ENABLE_PREVIEWS = YES;
				GENERATE_INFOPLIST_FILE = YES;
				INFOPLIST_FILE = LyCard/Info.plist;
				INFOPLIST_KEY_NSCameraUsageDescription = "We need your camera to scan your enviroment";
				INFOPLIST_KEY_NSLocationAlwaysUsageDescription = "We need your location to for the map";
				INFOPLIST_KEY_NSLocationWhenInUseUsageDescription = "We need your location to for the map";
				INFOPLIST_KEY_UIApplicationSceneManifest_Generation = YES;
				INFOPLIST_KEY_UIApplicationSupportsIndirectInputEvents = YES;
				INFOPLIST_KEY_UILaunchScreen_Generation = YES;
				INFOPLIST_KEY_UISupportedInterfaceOrientations = UIInterfaceOrientationPortrait;
				LD_RUNPATH_SEARCH_PATHS = (
					"$(inherited)",
					"@executable_path/Frameworks",
				);
				MARKETING_VERSION = 0.1.0;
				PRODUCT_BUNDLE_IDENTIFIER = com.hussainalkatheri.LyCard;
				PRODUCT_NAME = "$(TARGET_NAME)";
				SUPPORTED_PLATFORMS = "iphoneos iphonesimulator";
				SUPPORTS_MACCATALYST = NO;
				SUPPORTS_XR_DESIGNED_FOR_IPHONE_IPAD = NO;
				SWIFT_EMIT_LOC_STRINGS = YES;
				SWIFT_VERSION = 5.0;
				TARGETED_DEVICE_FAMILY = "1,2";
			};
			name = Release;
		};
/* End XCBuildConfiguration section */

/* Begin XCConfigurationList section */
		28AA3BA02B77F6C600B2B604 /* Build configuration list for PBXProject "LyCard" */ = {
			isa = XCConfigurationList;
			buildConfigurations = (
				28AA3BB12B77F6C800B2B604 /* Debug */,
				28AA3BB22B77F6C800B2B604 /* Release */,
			);
			defaultConfigurationIsVisible = 0;
			defaultConfigurationName = Release;
		};
		28AA3BB32B77F6C800B2B604 /* Build configuration list for PBXNativeTarget "LyCard" */ = {
			isa = XCConfigurationList;
			buildConfigurations = (
				28AA3BB42B77F6C800B2B604 /* Debug */,
				28AA3BB52B77F6C800B2B604 /* Release */,
			);
			defaultConfigurationIsVisible = 0;
			defaultConfigurationName = Release;
		};
/* End XCConfigurationList section */
	};
	rootObject = 28AA3B9D2B77F6C600B2B604 /* Project object */;
}
